
Microsoft Visual Studio Solution File, Format Version 12.00
# Visual Studio Version 16
VisualStudioVersion = 16.0.29519.181
MinimumVisualStudioVersion = 10.0.40219.1
Project("{9A19103F-16F7-4668-BE54-9A1E7A4F7556}") = "MinhaComandaDomain", "MinhaComandaDomain\MinhaComandaDomain.csproj", "{2C83EEBC-CB30-47B3-9486-DDAC5081D3C3}"
EndProject
Project("{FAE04EC0-301F-11D3-BF4B-00C04F79EFBC}") = "MinhaComandaDomainTeste", "MinhaComandaDomainTeste\MinhaComandaDomainTeste.csproj", "{8F12DFF6-C1AB-4951-8E04-C1B73B1D69D8}"
EndProject
Global
	GlobalSection(SolutionConfigurationPlatforms) = preSolution
		Debug|Any CPU = Debug|Any CPU
		Release|Any CPU = Release|Any CPU
	EndGlobalSection
	GlobalSection(ProjectConfigurationPlatforms) = postSolution
		{2C83EEBC-CB30-47B3-9486-DDAC5081D3C3}.Debug|Any CPU.ActiveCfg = Debug|Any CPU
		{2C83EEBC-CB30-47B3-9486-DDAC5081D3C3}.Debug|Any CPU.Build.0 = Debug|Any CPU
		{2C83EEBC-CB30-47B3-9486-DDAC5081D3C3}.Release|Any CPU.ActiveCfg = Release|Any CPU
		{2C83EEBC-CB30-47B3-9486-DDAC5081D3C3}.Release|Any CPU.Build.0 = Release|Any CPU
		{8F12DFF6-C1AB-4951-8E04-C1B73B1D69D8}.Debug|Any CPU.ActiveCfg = Debug|Any CPU
		{8F12DFF6-C1AB-4951-8E04-C1B73B1D69D8}.Debug|Any CPU.Build.0 = Debug|Any CPU
		{8F12DFF6-C1AB-4951-8E04-C1B73B1D69D8}.Release|Any CPU.ActiveCfg = Release|Any CPU
		{8F12DFF6-C1AB-4951-8E04-C1B73B1D69D8}.Release|Any CPU.Build.0 = Release|Any CPU
	EndGlobalSection
	GlobalSection(SolutionProperties) = preSolution
		HideSolutionNode = FALSE
	EndGlobalSection
	GlobalSection(ExtensibilityGlobals) = postSolution
		SolutionGuid = {41B761DC-87CD-4CF8-B9F9-1FCF97BD03B0}
	EndGlobalSection
EndGlobal
